// !$*UTF8*$!
{
	archiveVersion = 1;
	classes = {
	};
	objectVersion = 56;
	objects = {

/* Begin PBXBuildFile section */
		6C9ED8022BE383790017A9F6 /* AppDelegate.m in Sources */ = {isa = PBXBuildFile; fileRef = 6C9ED8012BE383790017A9F6 /* AppDelegate.m */; };
		6C9ED8052BE383790017A9F6 /* SceneDelegate.m in Sources */ = {isa = PBXBuildFile; fileRef = 6C9ED8042BE383790017A9F6 /* SceneDelegate.m */; };
		6C9ED8082BE383790017A9F6 /* ViewController.m in Sources */ = {isa = PBXBuildFile; fileRef = 6C9ED8072BE383790017A9F6 /* ViewController.m */; };
		6C9ED80B2BE383790017A9F6 /* Base in Resources */ = {isa = PBXBuildFile; fileRef = 6C9ED80A2BE383790017A9F6 /* Base */; };
		6C9ED80D2BE383790017A9F6 /* Assets.xcassets in Resources */ = {isa = PBXBuildFile; fileRef = 6C9ED80C2BE383790017A9F6 /* Assets.xcassets */; };
		6C9ED8102BE383790017A9F6 /* Base in Resources */ = {isa = PBXBuildFile; fileRef = 6C9ED80F2BE383790017A9F6 /* Base */; };
		6C9ED8132BE383790017A9F6 /* main.m in Sources */ = {isa = PBXBuildFile; fileRef = 6C9ED8122BE383790017A9F6 /* main.m */; };
		AC52FA032E94A541FD534189 /* Pods_TestPodInstall.framework in Frameworks */ = {isa = PBXBuildFile; fileRef = 1E9338216DCA19681A87067B /* Pods_TestPodInstall.framework */; };
/* End PBXBuildFile section */

/* Begin PBXFileReference section */
		151D30B72B2CB72D7BD33146 /* Pods-TestPodInstall.debug.xcconfig */ = {isa = PBXFileReference; includeInIndex = 1; lastKnownFileType = text.xcconfig; name = "Pods-TestPodInstall.debug.xcconfig"; path = "Target Support Files/Pods-TestPodInstall/Pods-TestPodInstall.debug.xcconfig"; sourceTree = "<group>"; };
		1E9338216DCA19681A87067B /* Pods_TestPodInstall.framework */ = {isa = PBXFileReference; explicitFileType = wrapper.framework; includeInIndex = 0; path = Pods_TestPodInstall.framework; sourceTree = BUILT_PRODUCTS_DIR; };
		6C9ED7FD2BE383790017A9F6 /* TestPodInstall.app */ = {isa = PBXFileReference; explicitFileType = wrapper.application; includeInIndex = 0; path = TestPodInstall.app; sourceTree = BUILT_PRODUCTS_DIR; };
		6C9ED8002BE383790017A9F6 /* AppDelegate.h */ = {isa = PBXFileReference; lastKnownFileType = sourcecode.c.h; path = AppDelegate.h; sourceTree = "<group>"; };
		6C9ED8012BE383790017A9F6 /* AppDelegate.m */ = {isa = PBXFileReference; lastKnownFileType = sourcecode.c.objc; path = AppDelegate.m; sourceTree = "<group>"; };
		6C9ED8032BE383790017A9F6 /* SceneDelegate.h */ = {isa = PBXFileReference; lastKnownFileType = sourcecode.c.h; path = SceneDelegate.h; sourceTree = "<group>"; };
		6C9ED8042BE383790017A9F6 /* SceneDelegate.m */ = {isa = PBXFileReference; lastKnownFileType = sourcecode.c.objc; path = SceneDelegate.m; sourceTree = "<group>"; };
		6C9ED8062BE383790017A9F6 /* ViewController.h */ = {isa = PBXFileReference; lastKnownFileType = sourcecode.c.h; path = ViewController.h; sourceTree = "<group>"; };
		6C9ED8072BE383790017A9F6 /* ViewController.m */ = {isa = PBXFileReference; lastKnownFileType = sourcecode.c.objc; path = ViewController.m; sourceTree = "<group>"; };
		6C9ED80A2BE383790017A9F6 /* Base */ = {isa = PBXFileReference; lastKnownFileType = file.storyboard; name = Base; path = Base.lproj/Main.storyboard; sourceTree = "<group>"; };
		6C9ED80C2BE383790017A9F6 /* Assets.xcassets */ = {isa = PBXFileReference; lastKnownFileType = folder.assetcatalog; path = Assets.xcassets; sourceTree = "<group>"; };
		6C9ED80F2BE383790017A9F6 /* Base */ = {isa = PBXFileReference; lastKnownFileType = file.storyboard; name = Base; path = Base.lproj/LaunchScreen.storyboard; sourceTree = "<group>"; };
		6C9ED8112BE383790017A9F6 /* Info.plist */ = {isa = PBXFileReference; lastKnownFileType = text.plist.xml; path = Info.plist; sourceTree = "<group>"; };
		6C9ED8122BE383790017A9F6 /* main.m */ = {isa = PBXFileReference; lastKnownFileType = sourcecode.c.objc; path = main.m; sourceTree = "<group>"; };
		79D8C056A8928C212B0B0F1A /* Pods-TestPodInstall.release.xcconfig */ = {isa = PBXFileReference; includeInIndex = 1; lastKnownFileType = text.xcconfig; name = "Pods-TestPodInstall.release.xcconfig"; path = "Target Support Files/Pods-TestPodInstall/Pods-TestPodInstall.release.xcconfig"; sourceTree = "<group>"; };
/* End PBXFileReference section */

/* Begin PBXFrameworksBuildPhase section */
		6C9ED7FA2BE383790017A9F6 /* Frameworks */ = {
			isa = PBXFrameworksBuildPhase;
			buildActionMask = 2147483647;
			files = (
				AC52FA032E94A541FD534189 /* Pods_TestPodInstall.framework in Frameworks */,
			);
			runOnlyForDeploymentPostprocessing = 0;
		};
/* End PBXFrameworksBuildPhase section */

/* Begin PBXGroup section */
		00C67D5A25D385350BC6F2F8 /* Frameworks */ = {
			isa = PBXGroup;
			children = (
				1E9338216DCA19681A87067B /* Pods_TestPodInstall.framework */,
			);
			name = Frameworks;
			sourceTree = "<group>";
		};
		6C9ED7F42BE383790017A9F6 = {
			isa = PBXGroup;
			children = (
				6C9ED7FF2BE383790017A9F6 /* TestPodInstall */,
				6C9ED7FE2BE383790017A9F6 /* Products */,
				AFD8E2B9756AE850E8967EC0 /* Pods */,
				00C67D5A25D385350BC6F2F8 /* Frameworks */,
			);
			sourceTree = "<group>";
		};
		6C9ED7FE2BE383790017A9F6 /* Products */ = {
			isa = PBXGroup;
			children = (
				6C9ED7FD2BE383790017A9F6 /* TestPodInstall.app */,
			);
			name = Products;
			sourceTree = "<group>";
		};
		6C9ED7FF2BE383790017A9F6 /* TestPodInstall */ = {
			isa = PBXGroup;
			children = (
				6C9ED8002BE383790017A9F6 /* AppDelegate.h */,
				6C9ED8012BE383790017A9F6 /* AppDelegate.m */,
				6C9ED8032BE383790017A9F6 /* SceneDelegate.h */,
				6C9ED8042BE383790017A9F6 /* SceneDelegate.m */,
				6C9ED8062BE383790017A9F6 /* ViewController.h */,
				6C9ED8072BE383790017A9F6 /* ViewController.m */,
				6C9ED8092BE383790017A9F6 /* Main.storyboard */,
				6C9ED80C2BE383790017A9F6 /* Assets.xcassets */,
				6C9ED80E2BE383790017A9F6 /* LaunchScreen.storyboard */,
				6C9ED8112BE383790017A9F6 /* Info.plist */,
				6C9ED8122BE383790017A9F6 /* main.m */,
			);
			path = TestPodInstall;
			sourceTree = "<group>";
		};
		AFD8E2B9756AE850E8967EC0 /* Pods */ = {
			isa = PBXGroup;
			children = (
				151D30B72B2CB72D7BD33146 /* Pods-TestPodInstall.debug.xcconfig */,
				79D8C056A8928C212B0B0F1A /* Pods-TestPodInstall.release.xcconfig */,
			);
			path = Pods;
			sourceTree = "<group>";
		};
/* End PBXGroup section */

/* Begin PBXNativeTarget section */
		6C9ED7FC2BE383790017A9F6 /* TestPodInstall */ = {
			isa = PBXNativeTarget;
			buildConfigurationList = 6C9ED8162BE383790017A9F6 /* Build configuration list for PBXNativeTarget "TestPodInstall" */;
			buildPhases = (
				760507B06744131819453AB9 /* [CP] Check Pods Manifest.lock */,
				6C9ED7F92BE383790017A9F6 /* Sources */,
				6C9ED7FA2BE383790017A9F6 /* Frameworks */,
				6C9ED7FB2BE383790017A9F6 /* Resources */,
				2F01F2EDEB124B5B0D8D0C49 /* [CP] Embed Pods Frameworks */,
			);
			buildRules = (
			);
			dependencies = (
			);
			name = TestPodInstall;
			productName = TestPodInstall;
			productReference = 6C9ED7FD2BE383790017A9F6 /* TestPodInstall.app */;
			productType = "com.apple.product-type.application";
		};
/* End PBXNativeTarget section */

/* Begin PBXProject section */
		6C9ED7F52BE383790017A9F6 /* Project object */ = {
			isa = PBXProject;
			attributes = {
				BuildIndependentTargetsInParallel = 1;
				LastUpgradeCheck = 1530;
				TargetAttributes = {
					6C9ED7FC2BE383790017A9F6 = {
						CreatedOnToolsVersion = 15.3;
					};
				};
			};
			buildConfigurationList = 6C9ED7F82BE383790017A9F6 /* Build configuration list for PBXProject "TestPodInstall" */;
			compatibilityVersion = "Xcode 14.0";
			developmentRegion = en;
			hasScannedForEncodings = 0;
			knownRegions = (
				en,
				Base,
			);
			mainGroup = 6C9ED7F42BE383790017A9F6;
			productRefGroup = 6C9ED7FE2BE383790017A9F6 /* Products */;
			projectDirPath = "";
			projectRoot = "";
			targets = (
				6C9ED7FC2BE383790017A9F6 /* TestPodInstall */,
			);
		};
/* End PBXProject section */

/* Begin PBXResourcesBuildPhase section */
		6C9ED7FB2BE383790017A9F6 /* Resources */ = {
			isa = PBXResourcesBuildPhase;
			buildActionMask = 2147483647;
			files = (
				6C9ED80D2BE383790017A9F6 /* Assets.xcassets in Resources */,
				6C9ED8102BE383790017A9F6 /* Base in Resources */,
				6C9ED80B2BE383790017A9F6 /* Base in Resources */,
			);
			runOnlyForDeploymentPostprocessing = 0;
		};
/* End PBXResourcesBuildPhase section */

/* Begin PBXShellScriptBuildPhase section */
		2F01F2EDEB124B5B0D8D0C49 /* [CP] Embed Pods Frameworks */ = {
			isa = PBXShellScriptBuildPhase;
			buildActionMask = 2147483647;
			files = (
			);
			inputFileListPaths = (
				"${PODS_ROOT}/Target Support Files/Pods-TestPodInstall/Pods-TestPodInstall-frameworks-${CONFIGURATION}-input-files.xcfilelist",
			);
			name = "[CP] Embed Pods Frameworks";
			outputFileListPaths = (
				"${PODS_ROOT}/Target Support Files/Pods-TestPodInstall/Pods-TestPodInstall-frameworks-${CONFIGURATION}-output-files.xcfilelist",
			);
			runOnlyForDeploymentPostprocessing = 0;
			shellPath = /bin/sh;
			shellScript = "\"${PODS_ROOT}/Target Support Files/Pods-TestPodInstall/Pods-TestPodInstall-frameworks.sh\"\n";
			showEnvVarsInLog = 0;
		};
		760507B06744131819453AB9 /* [CP] Check Pods Manifest.lock */ = {
			isa = PBXShellScriptBuildPhase;
			buildActionMask = 2147483647;
			files = (
			);
			inputFileListPaths = (
			);
			inputPaths = (
				"${PODS_PODFILE_DIR_PATH}/Podfile.lock",
				"${PODS_ROOT}/Manifest.lock",
			);
			name = "[CP] Check Pods Manifest.lock";
			outputFileListPaths = (
			);
			outputPaths = (
				"$(DERIVED_FILE_DIR)/Pods-TestPodInstall-checkManifestLockResult.txt",
			);
			runOnlyForDeploymentPostprocessing = 0;
			shellPath = /bin/sh;
			shellScript = "diff \"${PODS_PODFILE_DIR_PATH}/Podfile.lock\" \"${PODS_ROOT}/Manifest.lock\" > /dev/null\nif [ $? != 0 ] ; then\n    # print error to STDERR\n    echo \"error: The sandbox is not in sync with the Podfile.lock. Run 'pod install' or update your CocoaPods installation.\" >&2\n    exit 1\nfi\n# This output is used by Xcode 'outputs' to avoid re-running this script phase.\necho \"SUCCESS\" > \"${SCRIPT_OUTPUT_FILE_0}\"\n";
			showEnvVarsInLog = 0;
		};
/* End PBXShellScriptBuildPhase section */

/* Begin PBXSourcesBuildPhase section */
		6C9ED7F92BE383790017A9F6 /* Sources */ = {
			isa = PBXSourcesBuildPhase;
			buildActionMask = 2147483647;
			files = (
				6C9ED8082BE383790017A9F6 /* ViewController.m in Sources */,
				6C9ED8022BE383790017A9F6 /* AppDelegate.m in Sources */,
				6C9ED8132BE383790017A9F6 /* main.m in Sources */,
				6C9ED8052BE383790017A9F6 /* SceneDelegate.m in Sources */,
			);
			runOnlyForDeploymentPostprocessing = 0;
		};
/* End PBXSourcesBuildPhase section */

/* Begin PBXVariantGroup section */
		6C9ED8092BE383790017A9F6 /* Main.storyboard */ = {
			isa = PBXVariantGroup;
			children = (
				6C9ED80A2BE383790017A9F6 /* Base */,
			);
			name = Main.storyboard;
			sourceTree = "<group>";
		};
		6C9ED80E2BE383790017A9F6 /* LaunchScreen.storyboard */ = {
			isa = PBXVariantGroup;
			children = (
				6C9ED80F2BE383790017A9F6 /* Base */,
			);
			name = LaunchScreen.storyboard;
			sourceTree = "<group>";
		};
/* End PBXVariantGroup section */

/* Begin XCBuildConfiguration section */
		6C9ED8142BE383790017A9F6 /* Debug */ = {
			isa = XCBuildConfiguration;
			baseConfigurationReference = 151D30B72B2CB72D7BD33146 /* Pods-TestPodInstall.debug.xcconfig */;
			buildSettings = {
				ALWAYS_SEARCH_USER_PATHS = NO;
				ASSETCATALOG_COMPILER_GENERATE_SWIFT_ASSET_SYMBOL_EXTENSIONS = YES;
				CLANG_ANALYZER_NONNULL = YES;
				CLANG_ANALYZER_NUMBER_OBJECT_CONVERSION = YES_AGGRESSIVE;
				CLANG_CXX_LANGUAGE_STANDARD = "gnu++20";
				CLANG_ENABLE_MODULES = YES;
				CLANG_ENABLE_OBJC_ARC = YES;
				CLANG_ENABLE_OBJC_WEAK = YES;
				CLANG_WARN_BLOCK_CAPTURE_AUTORELEASING = YES;
				CLANG_WARN_BOOL_CONVERSION = YES;
				CLANG_WARN_COMMA = YES;
				CLANG_WARN_CONSTANT_CONVERSION = YES;
				CLANG_WARN_DEPRECATED_OBJC_IMPLEMENTATIONS = YES;
				CLANG_WARN_DIRECT_OBJC_ISA_USAGE = YES_ERROR;
				CLANG_WARN_DOCUMENTATION_COMMENTS = YES;
				CLANG_WARN_EMPTY_BODY = YES;
				CLANG_WARN_ENUM_CONVERSION = YES;
				CLANG_WARN_INFINITE_RECURSION = YES;
				CLANG_WARN_INT_CONVERSION = YES;
				CLANG_WARN_NON_LITERAL_NULL_CONVERSION = YES;
				CLANG_WARN_OBJC_IMPLICIT_RETAIN_SELF = YES;
				CLANG_WARN_OBJC_LITERAL_CONVERSION = YES;
				CLANG_WARN_OBJC_ROOT_CLASS = YES_ERROR;
				CLANG_WARN_QUOTED_INCLUDE_IN_FRAMEWORK_HEADER = YES;
				CLANG_WARN_RANGE_LOOP_ANALYSIS = YES;
				CLANG_WARN_STRICT_PROTOTYPES = YES;
				CLANG_WARN_SUSPICIOUS_MOVE = YES;
				CLANG_WARN_UNGUARDED_AVAILABILITY = YES_AGGRESSIVE;
				CLANG_WARN_UNREACHABLE_CODE = YES;
				CLANG_WARN__DUPLICATE_METHOD_MATCH = YES;
				COPY_PHASE_STRIP = NO;
				DEBUG_INFORMATION_FORMAT = dwarf;
				ENABLE_STRICT_OBJC_MSGSEND = YES;
				ENABLE_TESTABILITY = YES;
				ENABLE_USER_SCRIPT_SANDBOXING = YES;
				GCC_C_LANGUAGE_STANDARD = gnu17;
				GCC_DYNAMIC_NO_PIC = NO;
				GCC_NO_COMMON_BLOCKS = YES;
				GCC_OPTIMIZATION_LEVEL = 0;
				GCC_PREPROCESSOR_DEFINITIONS = (
					"DEBUG=1",
					"$(inherited)",
				);
				GCC_WARN_64_TO_32_BIT_CONVERSION = YES;
				GCC_WARN_ABOUT_RETURN_TYPE = YES_ERROR;
				GCC_WARN_UNDECLARED_SELECTOR = YES;
				GCC_WARN_UNINITIALIZED_AUTOS = YES_AGGRESSIVE;
				GCC_WARN_UNUSED_FUNCTION = YES;
				GCC_WARN_UNUSED_VARIABLE = YES;
				IPHONEOS_DEPLOYMENT_TARGET = 17.4;
				LOCALIZATION_PREFERS_STRING_CATALOGS = YES;
				MTL_ENABLE_DEBUG_INFO = INCLUDE_SOURCE;
				MTL_FAST_MATH = YES;
				ONLY_ACTIVE_ARCH = YES;
				SDKROOT = iphoneos;
			};
			name = Debug;
		};
		6C9ED8152BE383790017A9F6 /* Release */ = {
			isa = XCBuildConfiguration;
			baseConfigurationReference = 79D8C056A8928C212B0B0F1A /* Pods-TestPodInstall.release.xcconfig */;
			buildSettings = {
				ALWAYS_SEARCH_USER_PATHS = NO;
				ASSETCATALOG_COMPILER_GENERATE_SWIFT_ASSET_SYMBOL_EXTENSIONS = YES;
				CLANG_ANALYZER_NONNULL = YES;
				CLANG_ANALYZER_NUMBER_OBJECT_CONVERSION = YES_AGGRESSIVE;
				CLANG_CXX_LANGUAGE_STANDARD = "gnu++20";
				CLANG_ENABLE_MODULES = YES;
				CLANG_ENABLE_OBJC_ARC = YES;
				CLANG_ENABLE_OBJC_WEAK = YES;
				CLANG_WARN_BLOCK_CAPTURE_AUTORELEASING = YES;
				CLANG_WARN_BOOL_CONVERSION = YES;
				CLANG_WARN_COMMA = YES;
				CLANG_WARN_CONSTANT_CONVERSION = YES;
				CLANG_WARN_DEPRECATED_OBJC_IMPLEMENTATIONS = YES;
				CLANG_WARN_DIRECT_OBJC_ISA_USAGE = YES_ERROR;
				CLANG_WARN_DOCUMENTATION_COMMENTS = YES;
				CLANG_WARN_EMPTY_BODY = YES;
				CLANG_WARN_ENUM_CONVERSION = YES;
				CLANG_WARN_INFINITE_RECURSION = YES;
				CLANG_WARN_INT_CONVERSION = YES;
				CLANG_WARN_NON_LITERAL_NULL_CONVERSION = YES;
				CLANG_WARN_OBJC_IMPLICIT_RETAIN_SELF = YES;
				CLANG_WARN_OBJC_LITERAL_CONVERSION = YES;
				CLANG_WARN_OBJC_ROOT_CLASS = YES_ERROR;
				CLANG_WARN_QUOTED_INCLUDE_IN_FRAMEWORK_HEADER = YES;
				CLANG_WARN_RANGE_LOOP_ANALYSIS = YES;
				CLANG_WARN_STRICT_PROTOTYPES = YES;
				CLANG_WARN_SUSPICIOUS_MOVE = YES;
				CLANG_WARN_UNGUARDED_AVAILABILITY = YES_AGGRESSIVE;
				CLANG_WARN_UNREACHABLE_CODE = YES;
				CLANG_WARN__DUPLICATE_METHOD_MATCH = YES;
				COPY_PHASE_STRIP = NO;
				DEBUG_INFORMATION_FORMAT = "dwarf-with-dsym";
				ENABLE_NS_ASSERTIONS = NO;
				ENABLE_STRICT_OBJC_MSGSEND = YES;
				ENABLE_USER_SCRIPT_SANDBOXING = YES;
				GCC_C_LANGUAGE_STANDARD = gnu17;
				GCC_NO_COMMON_BLOCKS = YES;
				GCC_WARN_64_TO_32_BIT_CONVERSION = YES;
				GCC_WARN_ABOUT_RETURN_TYPE = YES_ERROR;
				GCC_WARN_UNDECLARED_SELECTOR = YES;
				GCC_WARN_UNINITIALIZED_AUTOS = YES_AGGRESSIVE;
				GCC_WARN_UNUSED_FUNCTION = YES;
				GCC_WARN_UNUSED_VARIABLE = YES;
				IPHONEOS_DEPLOYMENT_TARGET = 17.4;
				LOCALIZATION_PREFERS_STRING_CATALOGS = YES;
				MTL_ENABLE_DEBUG_INFO = NO;
				MTL_FAST_MATH = YES;
				SDKROOT = iphoneos;
				VALIDATE_PRODUCT = YES;
			};
			name = Release;
		};
		6C9ED8172BE383790017A9F6 /* Debug */ = {
			isa = XCBuildConfiguration;
			baseConfigurationReference = 151D30B72B2CB72D7BD33146 /* Pods-TestPodInstall.debug.xcconfig */;
			buildSettings = {
				ASSETCATALOG_COMPILER_APPICON_NAME = AppIcon;
				ASSETCATALOG_COMPILER_GLOBAL_ACCENT_COLOR_NAME = AccentColor;
				CODE_SIGN_STYLE = Automatic;
				CURRENT_PROJECT_VERSION = 1;
				DEVELOPMENT_TEAM = "";
				ENABLE_USER_SCRIPT_SANDBOXING = NO;
				GENERATE_INFOPLIST_FILE = YES;
				INFOPLIST_FILE = TestPodInstall/Info.plist;
				INFOPLIST_KEY_UIApplicationSupportsIndirectInputEvents = YES;
				INFOPLIST_KEY_UILaunchStoryboardName = LaunchScreen;
				INFOPLIST_KEY_UIMainStoryboardFile = Main;
				INFOPLIST_KEY_UISupportedInterfaceOrientations_iPad = "UIInterfaceOrientationPortrait UIInterfaceOrientationPortraitUpsideDown UIInterfaceOrientationLandscapeLeft UIInterfaceOrientationLandscapeRight";
				INFOPLIST_KEY_UISupportedInterfaceOrientations_iPhone = "UIInterfaceOrientationPortrait UIInterfaceOrientationLandscapeLeft UIInterfaceOrientationLandscapeRight";
				IPHONEOS_DEPLOYMENT_TARGET = 15.0;
				LD_RUNPATH_SEARCH_PATHS = (
					"$(inherited)",
					"@executable_path/Frameworks",
				);
				MARKETING_VERSION = 1.0;
				PRODUCT_BUNDLE_IDENTIFIER = com.r17dame.connecttool.TestPodInstall;
				PRODUCT_NAME = "$(TARGET_NAME)";
				SWIFT_EMIT_LOC_STRINGS = YES;
				TARGETED_DEVICE_FAMILY = "1,2";
			};
			name = Debug;
		};
		6C9ED8182BE383790017A9F6 /* Release */ = {
			isa = XCBuildConfiguration;
			baseConfigurationReference = 79D8C056A8928C212B0B0F1A /* Pods-TestPodInstall.release.xcconfig */;
			buildSettings = {
				ASSETCATALOG_COMPILER_APPICON_NAME = AppIcon;
				ASSETCATALOG_COMPILER_GLOBAL_ACCENT_COLOR_NAME = AccentColor;
				CODE_SIGN_STYLE = Automatic;
				CURRENT_PROJECT_VERSION = 1;
				DEVELOPMENT_TEAM = "";
				ENABLE_USER_SCRIPT_SANDBOXING = NO;
				GENERATE_INFOPLIST_FILE = YES;
				INFOPLIST_FILE = TestPodInstall/Info.plist;
				INFOPLIST_KEY_UIApplicationSupportsIndirectInputEvents = YES;
				INFOPLIST_KEY_UILaunchStoryboardName = LaunchScreen;
				INFOPLIST_KEY_UIMainStoryboardFile = Main;
				INFOPLIST_KEY_UISupportedInterfaceOrientations_iPad = "UIInterfaceOrientationPortrait UIInterfaceOrientationPortraitUpsideDown UIInterfaceOrientationLandscapeLeft UIInterfaceOrientationLandscapeRight";
				INFOPLIST_KEY_UISupportedInterfaceOrientations_iPhone = "UIInterfaceOrientationPortrait UIInterfaceOrientationLandscapeLeft UIInterfaceOrientationLandscapeRight";
				IPHONEOS_DEPLOYMENT_TARGET = 15.0;
				LD_RUNPATH_SEARCH_PATHS = (
					"$(inherited)",
					"@executable_path/Frameworks",
				);
				MARKETING_VERSION = 1.0;
				PRODUCT_BUNDLE_IDENTIFIER = com.r17dame.connecttool.TestPodInstall;
				PRODUCT_NAME = "$(TARGET_NAME)";
				SWIFT_EMIT_LOC_STRINGS = YES;
				TARGETED_DEVICE_FAMILY = "1,2";
			};
			name = Release;
		};
/* End XCBuildConfiguration section */

/* Begin XCConfigurationList section */
		6C9ED7F82BE383790017A9F6 /* Build configuration list for PBXProject "TestPodInstall" */ = {
			isa = XCConfigurationList;
			buildConfigurations = (
				6C9ED8142BE383790017A9F6 /* Debug */,
				6C9ED8152BE383790017A9F6 /* Release */,
			);
			defaultConfigurationIsVisible = 0;
			defaultConfigurationName = Release;
		};
		6C9ED8162BE383790017A9F6 /* Build configuration list for PBXNativeTarget "TestPodInstall" */ = {
			isa = XCConfigurationList;
			buildConfigurations = (
				6C9ED8172BE383790017A9F6 /* Debug */,
				6C9ED8182BE383790017A9F6 /* Release */,
			);
			defaultConfigurationIsVisible = 0;
			defaultConfigurationName = Release;
		};
/* End XCConfigurationList section */
	};
	rootObject = 6C9ED7F52BE383790017A9F6 /* Project object */;
}
