// !$*UTF8*$!
{
	archiveVersion = 1;
	classes = {
	};
	objectVersion = 56;
	objects = {

/* Begin PBXBuildFile section */
		6CE80C442C34F4DB0081DB16 /* ConnectToolBlack.m in Sources */ = {isa = PBXBuildFile; fileRef = 6CE80C432C34F4DB0081DB16 /* ConnectToolBlack.m */; };
		6CE80C452C34F4DB0081DB16 /* ConnectToolBlack.h in CopyFiles */ = {isa = PBXBuildFile; fileRef = 6CE80C422C34F4DB0081DB16 /* ConnectToolBlack.h */; };
		6CE80C642C34F5120081DB16 /* ConnectBasic.m in Sources */ = {isa = PBXBuildFile; fileRef = 6CE80C4C2C34F5120081DB16 /* ConnectBasic.m */; };
		6CE80C652C34F5120081DB16 /* ConnectToken.m in Sources */ = {isa = PBXBuildFile; fileRef = 6CE80C4E2C34F5120081DB16 /* ConnectToken.m */; };
		6CE80C662C34F5120081DB16 /* TestViewController.m in Sources */ = {isa = PBXBuildFile; fileRef = 6CE80C502C34F5120081DB16 /* TestViewController.m */; };
		6CE80C672C34F5120081DB16 /* WebViewController.m in Sources */ = {isa = PBXBuildFile; fileRef = 6CE80C522C34F5120081DB16 /* WebViewController.m */; };
		6CE80C682C34F5120081DB16 /* APIClient.m in Sources */ = {isa = PBXBuildFile; fileRef = 6CE80C552C34F5120081DB16 /* APIClient.m */; };
		6CE80C692C34F5120081DB16 /* Tool.m in Sources */ = {isa = PBXBuildFile; fileRef = 6CE80C572C34F5120081DB16 /* Tool.m */; };
		6CE80C6A2C34F5120081DB16 /* AuthorizeInfo.m in Sources */ = {isa = PBXBuildFile; fileRef = 6CE80C5B2C34F5120081DB16 /* AuthorizeInfo.m */; };
		6CE80C6B2C34F5120081DB16 /* CreateSPCoinResponse.m in Sources */ = {isa = PBXBuildFile; fileRef = 6CE80C5D2C34F5120081DB16 /* CreateSPCoinResponse.m */; };
		6CE80C6C2C34F5120081DB16 /* MeData.m in Sources */ = {isa = PBXBuildFile; fileRef = 6CE80C5F2C34F5120081DB16 /* MeData.m */; };
		6CE80C6D2C34F5120081DB16 /* MeInfo.m in Sources */ = {isa = PBXBuildFile; fileRef = 6CE80C612C34F5120081DB16 /* MeInfo.m */; };
		6CE80C732C34F76A0081DB16 /* EnumConstants.h in CopyFiles */ = {isa = PBXBuildFile; fileRef = 6CE80C592C34F5120081DB16 /* EnumConstants.h */; };
		6CE80C742C34F7780081DB16 /* ConnectToolOCframework.h in CopyFiles */ = {isa = PBXBuildFile; fileRef = 6CE80C632C34F5120081DB16 /* ConnectToolOCframework.h */; };
		6CE80C772C34F98B0081DB16 /* AuthorizeInfo.h in CopyFiles */ = {isa = PBXBuildFile; fileRef = 6CE80C5A2C34F5120081DB16 /* AuthorizeInfo.h */; };
		6CE80C792C34F9F00081DB16 /* MeInfo.h in CopyFiles */ = {isa = PBXBuildFile; fileRef = 6CE80C602C34F5120081DB16 /* MeInfo.h */; };
		6CE80C7A2C34F9F50081DB16 /* ConnectToken.h in CopyFiles */ = {isa = PBXBuildFile; fileRef = 6CE80C4D2C34F5120081DB16 /* ConnectToken.h */; };
		6CE80C7D2C34FF320081DB16 /* MeData.h in CopyFiles */ = {isa = PBXBuildFile; fileRef = 6CE80C5E2C34F5120081DB16 /* MeData.h */; };
		6CE80C7F2C34FF870081DB16 /* ConnectBasic.h in CopyFiles */ = {isa = PBXBuildFile; fileRef = 6CE80C4B2C34F5120081DB16 /* ConnectBasic.h */; };
/* End PBXBuildFile section */

/* Begin PBXCopyFilesBuildPhase section */
		6CE80C3D2C34F4DB0081DB16 /* CopyFiles */ = {
			isa = PBXCopyFilesBuildPhase;
			buildActionMask = 2147483647;
			dstPath = "include/$(PRODUCT_NAME)";
			dstSubfolderSpec = 16;
			files = (
				6CE80C7F2C34FF870081DB16 /* ConnectBasic.h in CopyFiles */,
				6CE80C7D2C34FF320081DB16 /* MeData.h in CopyFiles */,
				6CE80C7A2C34F9F50081DB16 /* ConnectToken.h in CopyFiles */,
				6CE80C792C34F9F00081DB16 /* MeInfo.h in CopyFiles */,
				6CE80C772C34F98B0081DB16 /* AuthorizeInfo.h in CopyFiles */,
				6CE80C742C34F7780081DB16 /* ConnectToolOCframework.h in CopyFiles */,
				6CE80C732C34F76A0081DB16 /* EnumConstants.h in CopyFiles */,
				6CE80C452C34F4DB0081DB16 /* ConnectToolBlack.h in CopyFiles */,
			);
			runOnlyForDeploymentPostprocessing = 0;
		};
/* End PBXCopyFilesBuildPhase section */

/* Begin PBXFileReference section */
		6CE80C3F2C34F4DB0081DB16 /* libConnectToolBlack.a */ = {isa = PBXFileReference; explicitFileType = archive.ar; includeInIndex = 0; path = libConnectToolBlack.a; sourceTree = BUILT_PRODUCTS_DIR; };
		6CE80C422C34F4DB0081DB16 /* ConnectToolBlack.h */ = {isa = PBXFileReference; lastKnownFileType = sourcecode.c.h; path = ConnectToolBlack.h; sourceTree = "<group>"; };
		6CE80C432C34F4DB0081DB16 /* ConnectToolBlack.m */ = {isa = PBXFileReference; lastKnownFileType = sourcecode.c.objc; path = ConnectToolBlack.m; sourceTree = "<group>"; };
		6CE80C4B2C34F5120081DB16 /* ConnectBasic.h */ = {isa = PBXFileReference; fileEncoding = 4; lastKnownFileType = sourcecode.c.h; path = ConnectBasic.h; sourceTree = "<group>"; };
		6CE80C4C2C34F5120081DB16 /* ConnectBasic.m */ = {isa = PBXFileReference; fileEncoding = 4; lastKnownFileType = sourcecode.c.objc; path = ConnectBasic.m; sourceTree = "<group>"; };
		6CE80C4D2C34F5120081DB16 /* ConnectToken.h */ = {isa = PBXFileReference; fileEncoding = 4; lastKnownFileType = sourcecode.c.h; path = ConnectToken.h; sourceTree = "<group>"; };
		6CE80C4E2C34F5120081DB16 /* ConnectToken.m */ = {isa = PBXFileReference; fileEncoding = 4; lastKnownFileType = sourcecode.c.objc; path = ConnectToken.m; sourceTree = "<group>"; };
		6CE80C4F2C34F5120081DB16 /* TestViewController.h */ = {isa = PBXFileReference; fileEncoding = 4; lastKnownFileType = sourcecode.c.h; path = TestViewController.h; sourceTree = "<group>"; };
		6CE80C502C34F5120081DB16 /* TestViewController.m */ = {isa = PBXFileReference; fileEncoding = 4; lastKnownFileType = sourcecode.c.objc; path = TestViewController.m; sourceTree = "<group>"; };
		6CE80C512C34F5120081DB16 /* WebViewController.h */ = {isa = PBXFileReference; fileEncoding = 4; lastKnownFileType = sourcecode.c.h; path = WebViewController.h; sourceTree = "<group>"; };
		6CE80C522C34F5120081DB16 /* WebViewController.m */ = {isa = PBXFileReference; fileEncoding = 4; lastKnownFileType = sourcecode.c.objc; path = WebViewController.m; sourceTree = "<group>"; };
		6CE80C542C34F5120081DB16 /* APIClient.h */ = {isa = PBXFileReference; fileEncoding = 4; lastKnownFileType = sourcecode.c.h; path = APIClient.h; sourceTree = "<group>"; };
		6CE80C552C34F5120081DB16 /* APIClient.m */ = {isa = PBXFileReference; fileEncoding = 4; lastKnownFileType = sourcecode.c.objc; path = APIClient.m; sourceTree = "<group>"; };
		6CE80C562C34F5120081DB16 /* Tool.h */ = {isa = PBXFileReference; fileEncoding = 4; lastKnownFileType = sourcecode.c.h; path = Tool.h; sourceTree = "<group>"; };
		6CE80C572C34F5120081DB16 /* Tool.m */ = {isa = PBXFileReference; fileEncoding = 4; lastKnownFileType = sourcecode.c.objc; path = Tool.m; sourceTree = "<group>"; };
		6CE80C592C34F5120081DB16 /* EnumConstants.h */ = {isa = PBXFileReference; fileEncoding = 4; lastKnownFileType = sourcecode.c.h; path = EnumConstants.h; sourceTree = "<group>"; };
		6CE80C5A2C34F5120081DB16 /* AuthorizeInfo.h */ = {isa = PBXFileReference; fileEncoding = 4; lastKnownFileType = sourcecode.c.h; path = AuthorizeInfo.h; sourceTree = "<group>"; };
		6CE80C5B2C34F5120081DB16 /* AuthorizeInfo.m */ = {isa = PBXFileReference; fileEncoding = 4; lastKnownFileType = sourcecode.c.objc; path = AuthorizeInfo.m; sourceTree = "<group>"; };
		6CE80C5C2C34F5120081DB16 /* CreateSPCoinResponse.h */ = {isa = PBXFileReference; fileEncoding = 4; lastKnownFileType = sourcecode.c.h; path = CreateSPCoinResponse.h; sourceTree = "<group>"; };
		6CE80C5D2C34F5120081DB16 /* CreateSPCoinResponse.m */ = {isa = PBXFileReference; fileEncoding = 4; lastKnownFileType = sourcecode.c.objc; path = CreateSPCoinResponse.m; sourceTree = "<group>"; };
		6CE80C5E2C34F5120081DB16 /* MeData.h */ = {isa = PBXFileReference; fileEncoding = 4; lastKnownFileType = sourcecode.c.h; path = MeData.h; sourceTree = "<group>"; };
		6CE80C5F2C34F5120081DB16 /* MeData.m */ = {isa = PBXFileReference; fileEncoding = 4; lastKnownFileType = sourcecode.c.objc; path = MeData.m; sourceTree = "<group>"; };
		6CE80C602C34F5120081DB16 /* MeInfo.h */ = {isa = PBXFileReference; fileEncoding = 4; lastKnownFileType = sourcecode.c.h; path = MeInfo.h; sourceTree = "<group>"; };
		6CE80C612C34F5120081DB16 /* MeInfo.m */ = {isa = PBXFileReference; fileEncoding = 4; lastKnownFileType = sourcecode.c.objc; path = MeInfo.m; sourceTree = "<group>"; };
		6CE80C632C34F5120081DB16 /* ConnectToolOCframework.h */ = {isa = PBXFileReference; fileEncoding = 4; lastKnownFileType = sourcecode.c.h; path = ConnectToolOCframework.h; sourceTree = "<group>"; };
/* End PBXFileReference section */

/* Begin PBXFrameworksBuildPhase section */
		6CE80C3C2C34F4DB0081DB16 /* Frameworks */ = {
			isa = PBXFrameworksBuildPhase;
			buildActionMask = 2147483647;
			files = (
			);
			runOnlyForDeploymentPostprocessing = 0;
		};
/* End PBXFrameworksBuildPhase section */

/* Begin PBXGroup section */
		6CE80C362C34F4DB0081DB16 = {
			isa = PBXGroup;
			children = (
				6CE80C412C34F4DB0081DB16 /* ConnectToolBlack */,
				6CE80C402C34F4DB0081DB16 /* Products */,
			);
			sourceTree = "<group>";
		};
		6CE80C402C34F4DB0081DB16 /* Products */ = {
			isa = PBXGroup;
			children = (
				6CE80C3F2C34F4DB0081DB16 /* libConnectToolBlack.a */,
			);
			name = Products;
			sourceTree = "<group>";
		};
		6CE80C412C34F4DB0081DB16 /* ConnectToolBlack */ = {
			isa = PBXGroup;
			children = (
				6CE80C5A2C34F5120081DB16 /* AuthorizeInfo.h */,
				6CE80C5B2C34F5120081DB16 /* AuthorizeInfo.m */,
				6CE80C5C2C34F5120081DB16 /* CreateSPCoinResponse.h */,
				6CE80C5D2C34F5120081DB16 /* CreateSPCoinResponse.m */,
				6CE80C5E2C34F5120081DB16 /* MeData.h */,
				6CE80C5F2C34F5120081DB16 /* MeData.m */,
				6CE80C602C34F5120081DB16 /* MeInfo.h */,
				6CE80C612C34F5120081DB16 /* MeInfo.m */,
				6CE80C542C34F5120081DB16 /* APIClient.h */,
				6CE80C552C34F5120081DB16 /* APIClient.m */,
				6CE80C562C34F5120081DB16 /* Tool.h */,
				6CE80C572C34F5120081DB16 /* Tool.m */,
				6CE80C4B2C34F5120081DB16 /* ConnectBasic.h */,
				6CE80C4C2C34F5120081DB16 /* ConnectBasic.m */,
				6CE80C4D2C34F5120081DB16 /* ConnectToken.h */,
				6CE80C4E2C34F5120081DB16 /* ConnectToken.m */,
				6CE80C4F2C34F5120081DB16 /* TestViewController.h */,
				6CE80C502C34F5120081DB16 /* TestViewController.m */,
				6CE80C512C34F5120081DB16 /* WebViewController.h */,
				6CE80C522C34F5120081DB16 /* WebViewController.m */,
				6CE80C422C34F4DB0081DB16 /* ConnectToolBlack.h */,
				6CE80C432C34F4DB0081DB16 /* ConnectToolBlack.m */,
				6CE80C632C34F5120081DB16 /* ConnectToolOCframework.h */,
				6CE80C592C34F5120081DB16 /* EnumConstants.h */,
			);
			path = ConnectToolBlack;
			sourceTree = "<group>";
		};
/* End PBXGroup section */

/* Begin PBXNativeTarget section */
		6CE80C3E2C34F4DB0081DB16 /* ConnectToolBlack */ = {
			isa = PBXNativeTarget;
			buildConfigurationList = 6CE80C482C34F4DB0081DB16 /* Build configuration list for PBXNativeTarget "ConnectToolBlack" */;
			buildPhases = (
				6CE80C3B2C34F4DB0081DB16 /* Sources */,
				6CE80C3C2C34F4DB0081DB16 /* Frameworks */,
				6CE80C3D2C34F4DB0081DB16 /* CopyFiles */,
			);
			buildRules = (
			);
			dependencies = (
			);
			name = ConnectToolBlack;
			productName = ConnectToolBlack;
			productReference = 6CE80C3F2C34F4DB0081DB16 /* libConnectToolBlack.a */;
			productType = "com.apple.product-type.library.static";
		};
/* End PBXNativeTarget section */

/* Begin PBXProject section */
		6CE80C372C34F4DB0081DB16 /* Project object */ = {
			isa = PBXProject;
			attributes = {
				BuildIndependentTargetsInParallel = 1;
				LastUpgradeCheck = 1540;
				TargetAttributes = {
					6CE80C3E2C34F4DB0081DB16 = {
						CreatedOnToolsVersion = 15.4;
					};
				};
			};
			buildConfigurationList = 6CE80C3A2C34F4DB0081DB16 /* Build configuration list for PBXProject "ConnectToolBlack" */;
			compatibilityVersion = "Xcode 14.0";
			developmentRegion = en;
			hasScannedForEncodings = 0;
			knownRegions = (
				en,
				Base,
			);
			mainGroup = 6CE80C362C34F4DB0081DB16;
			productRefGroup = 6CE80C402C34F4DB0081DB16 /* Products */;
			projectDirPath = "";
			projectRoot = "";
			targets = (
				6CE80C3E2C34F4DB0081DB16 /* ConnectToolBlack */,
			);
		};
/* End PBXProject section */

/* Begin PBXSourcesBuildPhase section */
		6CE80C3B2C34F4DB0081DB16 /* Sources */ = {
			isa = PBXSourcesBuildPhase;
			buildActionMask = 2147483647;
			files = (
				6CE80C442C34F4DB0081DB16 /* ConnectToolBlack.m in Sources */,
				6CE80C6A2C34F5120081DB16 /* AuthorizeInfo.m in Sources */,
				6CE80C682C34F5120081DB16 /* APIClient.m in Sources */,
				6CE80C6C2C34F5120081DB16 /* MeData.m in Sources */,
				6CE80C6B2C34F5120081DB16 /* CreateSPCoinResponse.m in Sources */,
				6CE80C692C34F5120081DB16 /* Tool.m in Sources */,
				6CE80C672C34F5120081DB16 /* WebViewController.m in Sources */,
				6CE80C642C34F5120081DB16 /* ConnectBasic.m in Sources */,
				6CE80C662C34F5120081DB16 /* TestViewController.m in Sources */,
				6CE80C6D2C34F5120081DB16 /* MeInfo.m in Sources */,
				6CE80C652C34F5120081DB16 /* ConnectToken.m in Sources */,
			);
			runOnlyForDeploymentPostprocessing = 0;
		};
/* End PBXSourcesBuildPhase section */

/* Begin XCBuildConfiguration section */
		6CE80C462C34F4DB0081DB16 /* Debug */ = {
			isa = XCBuildConfiguration;
			buildSettings = {
				ALWAYS_SEARCH_USER_PATHS = NO;
				ASSETCATALOG_COMPILER_GENERATE_SWIFT_ASSET_SYMBOL_EXTENSIONS = YES;
				CLANG_ANALYZER_NONNULL = YES;
				CLANG_ANALYZER_NUMBER_OBJECT_CONVERSION = YES_AGGRESSIVE;
				CLANG_CXX_LANGUAGE_STANDARD = "gnu++20";
				CLANG_ENABLE_MODULES = YES;
				CLANG_ENABLE_OBJC_ARC = YES;
				CLANG_ENABLE_OBJC_WEAK = YES;
				CLANG_WARN_BLOCK_CAPTURE_AUTORELEASING = YES;
				CLANG_WARN_BOOL_CONVERSION = YES;
				CLANG_WARN_COMMA = YES;
				CLANG_WARN_CONSTANT_CONVERSION = YES;
				CLANG_WARN_DEPRECATED_OBJC_IMPLEMENTATIONS = YES;
				CLANG_WARN_DIRECT_OBJC_ISA_USAGE = YES_ERROR;
				CLANG_WARN_DOCUMENTATION_COMMENTS = YES;
				CLANG_WARN_EMPTY_BODY = YES;
				CLANG_WARN_ENUM_CONVERSION = YES;
				CLANG_WARN_INFINITE_RECURSION = YES;
				CLANG_WARN_INT_CONVERSION = YES;
				CLANG_WARN_NON_LITERAL_NULL_CONVERSION = YES;
				CLANG_WARN_OBJC_IMPLICIT_RETAIN_SELF = YES;
				CLANG_WARN_OBJC_LITERAL_CONVERSION = YES;
				CLANG_WARN_OBJC_ROOT_CLASS = YES_ERROR;
				CLANG_WARN_QUOTED_INCLUDE_IN_FRAMEWORK_HEADER = YES;
				CLANG_WARN_RANGE_LOOP_ANALYSIS = YES;
				CLANG_WARN_STRICT_PROTOTYPES = YES;
				CLANG_WARN_SUSPICIOUS_MOVE = YES;
				CLANG_WARN_UNGUARDED_AVAILABILITY = YES_AGGRESSIVE;
				CLANG_WARN_UNREACHABLE_CODE = YES;
				CLANG_WARN__DUPLICATE_METHOD_MATCH = YES;
				COPY_PHASE_STRIP = NO;
				DEBUG_INFORMATION_FORMAT = dwarf;
				ENABLE_STRICT_OBJC_MSGSEND = YES;
				ENABLE_TESTABILITY = YES;
				ENABLE_USER_SCRIPT_SANDBOXING = YES;
				GCC_C_LANGUAGE_STANDARD = gnu17;
				GCC_DYNAMIC_NO_PIC = NO;
				GCC_NO_COMMON_BLOCKS = YES;
				GCC_OPTIMIZATION_LEVEL = 0;
				GCC_PREPROCESSOR_DEFINITIONS = (
					"DEBUG=1",
					"$(inherited)",
				);
				GCC_WARN_64_TO_32_BIT_CONVERSION = YES;
				GCC_WARN_ABOUT_RETURN_TYPE = YES_ERROR;
				GCC_WARN_UNDECLARED_SELECTOR = YES;
				GCC_WARN_UNINITIALIZED_AUTOS = YES_AGGRESSIVE;
				GCC_WARN_UNUSED_FUNCTION = YES;
				GCC_WARN_UNUSED_VARIABLE = YES;
				IPHONEOS_DEPLOYMENT_TARGET = 15.4;
				LOCALIZATION_PREFERS_STRING_CATALOGS = YES;
				MTL_ENABLE_DEBUG_INFO = INCLUDE_SOURCE;
				MTL_FAST_MATH = YES;
				ONLY_ACTIVE_ARCH = YES;
				"OTHER_LDFLAGS[sdk=iphoneos*]" = "";
				"OTHER_LDFLAGS[sdk=iphonesimulator*]" = "$(inherited)";
				SDKROOT = iphoneos;
			};
			name = Debug;
		};
		6CE80C472C34F4DB0081DB16 /* Release */ = {
			isa = XCBuildConfiguration;
			buildSettings = {
				ALWAYS_SEARCH_USER_PATHS = NO;
				ASSETCATALOG_COMPILER_GENERATE_SWIFT_ASSET_SYMBOL_EXTENSIONS = YES;
				CLANG_ANALYZER_NONNULL = YES;
				CLANG_ANALYZER_NUMBER_OBJECT_CONVERSION = YES_AGGRESSIVE;
				CLANG_CXX_LANGUAGE_STANDARD = "gnu++20";
				CLANG_ENABLE_MODULES = YES;
				CLANG_ENABLE_OBJC_ARC = YES;
				CLANG_ENABLE_OBJC_WEAK = YES;
				CLANG_WARN_BLOCK_CAPTURE_AUTORELEASING = YES;
				CLANG_WARN_BOOL_CONVERSION = YES;
				CLANG_WARN_COMMA = YES;
				CLANG_WARN_CONSTANT_CONVERSION = YES;
				CLANG_WARN_DEPRECATED_OBJC_IMPLEMENTATIONS = YES;
				CLANG_WARN_DIRECT_OBJC_ISA_USAGE = YES_ERROR;
				CLANG_WARN_DOCUMENTATION_COMMENTS = YES;
				CLANG_WARN_EMPTY_BODY = YES;
				CLANG_WARN_ENUM_CONVERSION = YES;
				CLANG_WARN_INFINITE_RECURSION = YES;
				CLANG_WARN_INT_CONVERSION = YES;
				CLANG_WARN_NON_LITERAL_NULL_CONVERSION = YES;
				CLANG_WARN_OBJC_IMPLICIT_RETAIN_SELF = YES;
				CLANG_WARN_OBJC_LITERAL_CONVERSION = YES;
				CLANG_WARN_OBJC_ROOT_CLASS = YES_ERROR;
				CLANG_WARN_QUOTED_INCLUDE_IN_FRAMEWORK_HEADER = YES;
				CLANG_WARN_RANGE_LOOP_ANALYSIS = YES;
				CLANG_WARN_STRICT_PROTOTYPES = YES;
				CLANG_WARN_SUSPICIOUS_MOVE = YES;
				CLANG_WARN_UNGUARDED_AVAILABILITY = YES_AGGRESSIVE;
				CLANG_WARN_UNREACHABLE_CODE = YES;
				CLANG_WARN__DUPLICATE_METHOD_MATCH = YES;
				COPY_PHASE_STRIP = NO;
				DEBUG_INFORMATION_FORMAT = "dwarf-with-dsym";
				ENABLE_NS_ASSERTIONS = NO;
				ENABLE_STRICT_OBJC_MSGSEND = YES;
				ENABLE_USER_SCRIPT_SANDBOXING = YES;
				GCC_C_LANGUAGE_STANDARD = gnu17;
				GCC_NO_COMMON_BLOCKS = YES;
				GCC_WARN_64_TO_32_BIT_CONVERSION = YES;
				GCC_WARN_ABOUT_RETURN_TYPE = YES_ERROR;
				GCC_WARN_UNDECLARED_SELECTOR = YES;
				GCC_WARN_UNINITIALIZED_AUTOS = YES_AGGRESSIVE;
				GCC_WARN_UNUSED_FUNCTION = YES;
				GCC_WARN_UNUSED_VARIABLE = YES;
				IPHONEOS_DEPLOYMENT_TARGET = 15.4;
				LOCALIZATION_PREFERS_STRING_CATALOGS = YES;
				MTL_ENABLE_DEBUG_INFO = NO;
				MTL_FAST_MATH = YES;
				SDKROOT = iphoneos;
				VALIDATE_PRODUCT = YES;
			};
			name = Release;
		};
		6CE80C492C34F4DB0081DB16 /* Debug */ = {
			isa = XCBuildConfiguration;
			buildSettings = {
				CODE_SIGN_STYLE = Automatic;
				DEAD_CODE_STRIPPING = NO;
				DEVELOPMENT_TEAM = 9RCU9932KB;
				EXCLUDED_ARCHS = arm64;
				ONLY_ACTIVE_ARCH = NO;
				OTHER_LDFLAGS = "-ObjC";
				PRODUCT_NAME = "$(TARGET_NAME)";
				SKIP_INSTALL = YES;
				TARGETED_DEVICE_FAMILY = 1;
			};
			name = Debug;
		};
		6CE80C4A2C34F4DB0081DB16 /* Release */ = {
			isa = XCBuildConfiguration;
			buildSettings = {
				CODE_SIGN_STYLE = Automatic;
				DEAD_CODE_STRIPPING = NO;
				DEVELOPMENT_TEAM = 9RCU9932KB;
				EXCLUDED_ARCHS = arm64;
				ONLY_ACTIVE_ARCH = NO;
				OTHER_LDFLAGS = "-ObjC";
				PRODUCT_NAME = "$(TARGET_NAME)";
				SKIP_INSTALL = YES;
				TARGETED_DEVICE_FAMILY = 1;
			};
			name = Release;
		};
/* End XCBuildConfiguration section */

/* Begin XCConfigurationList section */
		6CE80C3A2C34F4DB0081DB16 /* Build configuration list for PBXProject "ConnectToolBlack" */ = {
			isa = XCConfigurationList;
			buildConfigurations = (
				6CE80C462C34F4DB0081DB16 /* Debug */,
				6CE80C472C34F4DB0081DB16 /* Release */,
			);
			defaultConfigurationIsVisible = 0;
			defaultConfigurationName = Release;
		};
		6CE80C482C34F4DB0081DB16 /* Build configuration list for PBXNativeTarget "ConnectToolBlack" */ = {
			isa = XCConfigurationList;
			buildConfigurations = (
				6CE80C492C34F4DB0081DB16 /* Debug */,
				6CE80C4A2C34F4DB0081DB16 /* Release */,
			);
			defaultConfigurationIsVisible = 0;
			defaultConfigurationName = Release;
		};
/* End XCConfigurationList section */
	};
	rootObject = 6CE80C372C34F4DB0081DB16 /* Project object */;
}
