// !$*UTF8*$!
{
	archiveVersion = 1;
	classes = {
	};
	objectVersion = 56;
	objects = {

/* Begin PBXBuildFile section */
		6C1482052BCE13E100D014AF /* ConnectToolKit.xcframework in Frameworks */ = {isa = PBXBuildFile; fileRef = 6C1482042BCE13E100D014AF /* ConnectToolKit.xcframework */; };
		6C3A425C2BC9016900236C0F /* AppDelegate.m in Sources */ = {isa = PBXBuildFile; fileRef = 6C3A425B2BC9016900236C0F /* AppDelegate.m */; };
		6C3A425F2BC9016900236C0F /* SceneDelegate.m in Sources */ = {isa = PBXBuildFile; fileRef = 6C3A425E2BC9016900236C0F /* SceneDelegate.m */; };
		6C3A42622BC9016900236C0F /* ViewController.m in Sources */ = {isa = PBXBuildFile; fileRef = 6C3A42612BC9016900236C0F /* ViewController.m */; };
		6C3A42652BC9016900236C0F /* Base in Resources */ = {isa = PBXBuildFile; fileRef = 6C3A42642BC9016900236C0F /* Base */; };
		6C3A42672BC9016A00236C0F /* Assets.xcassets in Resources */ = {isa = PBXBuildFile; fileRef = 6C3A42662BC9016A00236C0F /* Assets.xcassets */; };
		6C3A426A2BC9016A00236C0F /* Base in Resources */ = {isa = PBXBuildFile; fileRef = 6C3A42692BC9016A00236C0F /* Base */; };
		6C3A426D2BC9016A00236C0F /* main.m in Sources */ = {isa = PBXBuildFile; fileRef = 6C3A426C2BC9016A00236C0F /* main.m */; };
		6C3A42762BC9057C00236C0F /* ConnectToolConfig.xcconfig in Resources */ = {isa = PBXBuildFile; fileRef = 6C3A42752BC9057C00236C0F /* ConnectToolConfig.xcconfig */; };
/* End PBXBuildFile section */

/* Begin PBXFileReference section */
		6C1482042BCE13E100D014AF /* ConnectToolKit.xcframework */ = {isa = PBXFileReference; lastKnownFileType = wrapper.xcframework; name = ConnectToolKit.xcframework; path = ../../ConnectToolKit.xcframework; sourceTree = "<group>"; };
		6C3A42572BC9016900236C0F /* CoonectTool_OC_example.app */ = {isa = PBXFileReference; explicitFileType = wrapper.application; includeInIndex = 0; path = CoonectTool_OC_example.app; sourceTree = BUILT_PRODUCTS_DIR; };
		6C3A425A2BC9016900236C0F /* AppDelegate.h */ = {isa = PBXFileReference; lastKnownFileType = sourcecode.c.h; path = AppDelegate.h; sourceTree = "<group>"; };
		6C3A425B2BC9016900236C0F /* AppDelegate.m */ = {isa = PBXFileReference; lastKnownFileType = sourcecode.c.objc; path = AppDelegate.m; sourceTree = "<group>"; };
		6C3A425D2BC9016900236C0F /* SceneDelegate.h */ = {isa = PBXFileReference; lastKnownFileType = sourcecode.c.h; path = SceneDelegate.h; sourceTree = "<group>"; };
		6C3A425E2BC9016900236C0F /* SceneDelegate.m */ = {isa = PBXFileReference; lastKnownFileType = sourcecode.c.objc; path = SceneDelegate.m; sourceTree = "<group>"; };
		6C3A42602BC9016900236C0F /* ViewController.h */ = {isa = PBXFileReference; lastKnownFileType = sourcecode.c.h; path = ViewController.h; sourceTree = "<group>"; };
		6C3A42612BC9016900236C0F /* ViewController.m */ = {isa = PBXFileReference; lastKnownFileType = sourcecode.c.objc; path = ViewController.m; sourceTree = "<group>"; };
		6C3A42642BC9016900236C0F /* Base */ = {isa = PBXFileReference; lastKnownFileType = file.storyboard; name = Base; path = Base.lproj/Main.storyboard; sourceTree = "<group>"; };
		6C3A42662BC9016A00236C0F /* Assets.xcassets */ = {isa = PBXFileReference; lastKnownFileType = folder.assetcatalog; path = Assets.xcassets; sourceTree = "<group>"; };
		6C3A42692BC9016A00236C0F /* Base */ = {isa = PBXFileReference; lastKnownFileType = file.storyboard; name = Base; path = Base.lproj/LaunchScreen.storyboard; sourceTree = "<group>"; };
		6C3A426B2BC9016A00236C0F /* Info.plist */ = {isa = PBXFileReference; lastKnownFileType = text.plist.xml; path = Info.plist; sourceTree = "<group>"; };
		6C3A426C2BC9016A00236C0F /* main.m */ = {isa = PBXFileReference; lastKnownFileType = sourcecode.c.objc; path = main.m; sourceTree = "<group>"; };
		6C3A42752BC9057C00236C0F /* ConnectToolConfig.xcconfig */ = {isa = PBXFileReference; lastKnownFileType = text.xcconfig; path = ConnectToolConfig.xcconfig; sourceTree = "<group>"; };
/* End PBXFileReference section */

/* Begin PBXFrameworksBuildPhase section */
		6C3A42542BC9016900236C0F /* Frameworks */ = {
			isa = PBXFrameworksBuildPhase;
			buildActionMask = 2147483647;
			files = (
				6C1482052BCE13E100D014AF /* ConnectToolKit.xcframework in Frameworks */,
			);
			runOnlyForDeploymentPostprocessing = 0;
		};
/* End PBXFrameworksBuildPhase section */

/* Begin PBXGroup section */
		6C3A424E2BC9016900236C0F = {
			isa = PBXGroup;
			children = (
				6C3A42752BC9057C00236C0F /* ConnectToolConfig.xcconfig */,
				6C3A42592BC9016900236C0F /* CoonectTool_OC_example */,
				6C3A42582BC9016900236C0F /* Products */,
			);
			sourceTree = "<group>";
		};
		6C3A42582BC9016900236C0F /* Products */ = {
			isa = PBXGroup;
			children = (
				6C3A42572BC9016900236C0F /* CoonectTool_OC_example.app */,
			);
			name = Products;
			sourceTree = "<group>";
		};
		6C3A42592BC9016900236C0F /* CoonectTool_OC_example */ = {
			isa = PBXGroup;
			children = (
				6C1482042BCE13E100D014AF /* ConnectToolKit.xcframework */,
				6C3A425A2BC9016900236C0F /* AppDelegate.h */,
				6C3A425B2BC9016900236C0F /* AppDelegate.m */,
				6C3A425D2BC9016900236C0F /* SceneDelegate.h */,
				6C3A425E2BC9016900236C0F /* SceneDelegate.m */,
				6C3A42602BC9016900236C0F /* ViewController.h */,
				6C3A42612BC9016900236C0F /* ViewController.m */,
				6C3A42632BC9016900236C0F /* Main.storyboard */,
				6C3A42662BC9016A00236C0F /* Assets.xcassets */,
				6C3A42682BC9016A00236C0F /* LaunchScreen.storyboard */,
				6C3A426B2BC9016A00236C0F /* Info.plist */,
				6C3A426C2BC9016A00236C0F /* main.m */,
			);
			path = CoonectTool_OC_example;
			sourceTree = "<group>";
		};
/* End PBXGroup section */

/* Begin PBXNativeTarget section */
		6C3A42562BC9016900236C0F /* CoonectTool_OC_example */ = {
			isa = PBXNativeTarget;
			buildConfigurationList = 6C3A42702BC9016A00236C0F /* Build configuration list for PBXNativeTarget "CoonectTool_OC_example" */;
			buildPhases = (
				6C3A42532BC9016900236C0F /* Sources */,
				6C3A42542BC9016900236C0F /* Frameworks */,
				6C3A42552BC9016900236C0F /* Resources */,
			);
			buildRules = (
			);
			dependencies = (
			);
			name = CoonectTool_OC_example;
			productName = CoonectTool_OC_example;
			productReference = 6C3A42572BC9016900236C0F /* CoonectTool_OC_example.app */;
			productType = "com.apple.product-type.application";
		};
/* End PBXNativeTarget section */

/* Begin PBXProject section */
		6C3A424F2BC9016900236C0F /* Project object */ = {
			isa = PBXProject;
			attributes = {
				BuildIndependentTargetsInParallel = 1;
				LastUpgradeCheck = 1530;
				TargetAttributes = {
					6C3A42562BC9016900236C0F = {
						CreatedOnToolsVersion = 15.3;
					};
				};
			};
			buildConfigurationList = 6C3A42522BC9016900236C0F /* Build configuration list for PBXProject "CoonectTool_OC_example" */;
			compatibilityVersion = "Xcode 14.0";
			developmentRegion = en;
			hasScannedForEncodings = 0;
			knownRegions = (
				en,
				Base,
			);
			mainGroup = 6C3A424E2BC9016900236C0F;
			productRefGroup = 6C3A42582BC9016900236C0F /* Products */;
			projectDirPath = "";
			projectRoot = "";
			targets = (
				6C3A42562BC9016900236C0F /* CoonectTool_OC_example */,
			);
		};
/* End PBXProject section */

/* Begin PBXResourcesBuildPhase section */
		6C3A42552BC9016900236C0F /* Resources */ = {
			isa = PBXResourcesBuildPhase;
			buildActionMask = 2147483647;
			files = (
				6C3A42672BC9016A00236C0F /* Assets.xcassets in Resources */,
				6C3A426A2BC9016A00236C0F /* Base in Resources */,
				6C3A42652BC9016900236C0F /* Base in Resources */,
				6C3A42762BC9057C00236C0F /* ConnectToolConfig.xcconfig in Resources */,
			);
			runOnlyForDeploymentPostprocessing = 0;
		};
/* End PBXResourcesBuildPhase section */

/* Begin PBXSourcesBuildPhase section */
		6C3A42532BC9016900236C0F /* Sources */ = {
			isa = PBXSourcesBuildPhase;
			buildActionMask = 2147483647;
			files = (
				6C3A42622BC9016900236C0F /* ViewController.m in Sources */,
				6C3A425C2BC9016900236C0F /* AppDelegate.m in Sources */,
				6C3A426D2BC9016A00236C0F /* main.m in Sources */,
				6C3A425F2BC9016900236C0F /* SceneDelegate.m in Sources */,
			);
			runOnlyForDeploymentPostprocessing = 0;
		};
/* End PBXSourcesBuildPhase section */

/* Begin PBXVariantGroup section */
		6C3A42632BC9016900236C0F /* Main.storyboard */ = {
			isa = PBXVariantGroup;
			children = (
				6C3A42642BC9016900236C0F /* Base */,
			);
			name = Main.storyboard;
			sourceTree = "<group>";
		};
		6C3A42682BC9016A00236C0F /* LaunchScreen.storyboard */ = {
			isa = PBXVariantGroup;
			children = (
				6C3A42692BC9016A00236C0F /* Base */,
			);
			name = LaunchScreen.storyboard;
			sourceTree = "<group>";
		};
/* End PBXVariantGroup section */

/* Begin XCBuildConfiguration section */
		6C3A426E2BC9016A00236C0F /* Debug */ = {
			isa = XCBuildConfiguration;
			baseConfigurationReference = 6C3A42752BC9057C00236C0F /* ConnectToolConfig.xcconfig */;
			buildSettings = {
				ALWAYS_SEARCH_USER_PATHS = NO;
				ASSETCATALOG_COMPILER_GENERATE_SWIFT_ASSET_SYMBOL_EXTENSIONS = YES;
				CLANG_ANALYZER_NONNULL = YES;
				CLANG_ANALYZER_NUMBER_OBJECT_CONVERSION = YES_AGGRESSIVE;
				CLANG_CXX_LANGUAGE_STANDARD = "gnu++20";
				CLANG_ENABLE_MODULES = YES;
				CLANG_ENABLE_OBJC_ARC = YES;
				CLANG_ENABLE_OBJC_WEAK = YES;
				CLANG_WARN_BLOCK_CAPTURE_AUTORELEASING = YES;
				CLANG_WARN_BOOL_CONVERSION = YES;
				CLANG_WARN_COMMA = YES;
				CLANG_WARN_CONSTANT_CONVERSION = YES;
				CLANG_WARN_DEPRECATED_OBJC_IMPLEMENTATIONS = YES;
				CLANG_WARN_DIRECT_OBJC_ISA_USAGE = YES_ERROR;
				CLANG_WARN_DOCUMENTATION_COMMENTS = YES;
				CLANG_WARN_EMPTY_BODY = YES;
				CLANG_WARN_ENUM_CONVERSION = YES;
				CLANG_WARN_INFINITE_RECURSION = YES;
				CLANG_WARN_INT_CONVERSION = YES;
				CLANG_WARN_NON_LITERAL_NULL_CONVERSION = YES;
				CLANG_WARN_OBJC_IMPLICIT_RETAIN_SELF = YES;
				CLANG_WARN_OBJC_LITERAL_CONVERSION = YES;
				CLANG_WARN_OBJC_ROOT_CLASS = YES_ERROR;
				CLANG_WARN_QUOTED_INCLUDE_IN_FRAMEWORK_HEADER = YES;
				CLANG_WARN_RANGE_LOOP_ANALYSIS = YES;
				CLANG_WARN_STRICT_PROTOTYPES = YES;
				CLANG_WARN_SUSPICIOUS_MOVE = YES;
				CLANG_WARN_UNGUARDED_AVAILABILITY = YES_AGGRESSIVE;
				CLANG_WARN_UNREACHABLE_CODE = YES;
				CLANG_WARN__DUPLICATE_METHOD_MATCH = YES;
				COPY_PHASE_STRIP = NO;
				DEBUG_INFORMATION_FORMAT = dwarf;
				ENABLE_STRICT_OBJC_MSGSEND = YES;
				ENABLE_TESTABILITY = YES;
				ENABLE_USER_SCRIPT_SANDBOXING = YES;
				GCC_C_LANGUAGE_STANDARD = gnu17;
				GCC_DYNAMIC_NO_PIC = NO;
				GCC_NO_COMMON_BLOCKS = YES;
				GCC_OPTIMIZATION_LEVEL = 0;
				GCC_PREPROCESSOR_DEFINITIONS = (
					"DEBUG=1",
					"$(inherited)",
				);
				GCC_WARN_64_TO_32_BIT_CONVERSION = YES;
				GCC_WARN_ABOUT_RETURN_TYPE = YES_ERROR;
				GCC_WARN_UNDECLARED_SELECTOR = YES;
				GCC_WARN_UNINITIALIZED_AUTOS = YES_AGGRESSIVE;
				GCC_WARN_UNUSED_FUNCTION = YES;
				GCC_WARN_UNUSED_VARIABLE = YES;
				IPHONEOS_DEPLOYMENT_TARGET = 17.4;
				LOCALIZATION_PREFERS_STRING_CATALOGS = YES;
				MTL_ENABLE_DEBUG_INFO = INCLUDE_SOURCE;
				MTL_FAST_MATH = YES;
				ONLY_ACTIVE_ARCH = YES;
				SDKROOT = iphoneos;
			};
			name = Debug;
		};
		6C3A426F2BC9016A00236C0F /* Release */ = {
			isa = XCBuildConfiguration;
			baseConfigurationReference = 6C3A42752BC9057C00236C0F /* ConnectToolConfig.xcconfig */;
			buildSettings = {
				ALWAYS_SEARCH_USER_PATHS = NO;
				ASSETCATALOG_COMPILER_GENERATE_SWIFT_ASSET_SYMBOL_EXTENSIONS = YES;
				CLANG_ANALYZER_NONNULL = YES;
				CLANG_ANALYZER_NUMBER_OBJECT_CONVERSION = YES_AGGRESSIVE;
				CLANG_CXX_LANGUAGE_STANDARD = "gnu++20";
				CLANG_ENABLE_MODULES = YES;
				CLANG_ENABLE_OBJC_ARC = YES;
				CLANG_ENABLE_OBJC_WEAK = YES;
				CLANG_WARN_BLOCK_CAPTURE_AUTORELEASING = YES;
				CLANG_WARN_BOOL_CONVERSION = YES;
				CLANG_WARN_COMMA = YES;
				CLANG_WARN_CONSTANT_CONVERSION = YES;
				CLANG_WARN_DEPRECATED_OBJC_IMPLEMENTATIONS = YES;
				CLANG_WARN_DIRECT_OBJC_ISA_USAGE = YES_ERROR;
				CLANG_WARN_DOCUMENTATION_COMMENTS = YES;
				CLANG_WARN_EMPTY_BODY = YES;
				CLANG_WARN_ENUM_CONVERSION = YES;
				CLANG_WARN_INFINITE_RECURSION = YES;
				CLANG_WARN_INT_CONVERSION = YES;
				CLANG_WARN_NON_LITERAL_NULL_CONVERSION = YES;
				CLANG_WARN_OBJC_IMPLICIT_RETAIN_SELF = YES;
				CLANG_WARN_OBJC_LITERAL_CONVERSION = YES;
				CLANG_WARN_OBJC_ROOT_CLASS = YES_ERROR;
				CLANG_WARN_QUOTED_INCLUDE_IN_FRAMEWORK_HEADER = YES;
				CLANG_WARN_RANGE_LOOP_ANALYSIS = YES;
				CLANG_WARN_STRICT_PROTOTYPES = YES;
				CLANG_WARN_SUSPICIOUS_MOVE = YES;
				CLANG_WARN_UNGUARDED_AVAILABILITY = YES_AGGRESSIVE;
				CLANG_WARN_UNREACHABLE_CODE = YES;
				CLANG_WARN__DUPLICATE_METHOD_MATCH = YES;
				COPY_PHASE_STRIP = NO;
				DEBUG_INFORMATION_FORMAT = "dwarf-with-dsym";
				ENABLE_NS_ASSERTIONS = NO;
				ENABLE_STRICT_OBJC_MSGSEND = YES;
				ENABLE_USER_SCRIPT_SANDBOXING = YES;
				GCC_C_LANGUAGE_STANDARD = gnu17;
				GCC_NO_COMMON_BLOCKS = YES;
				GCC_WARN_64_TO_32_BIT_CONVERSION = YES;
				GCC_WARN_ABOUT_RETURN_TYPE = YES_ERROR;
				GCC_WARN_UNDECLARED_SELECTOR = YES;
				GCC_WARN_UNINITIALIZED_AUTOS = YES_AGGRESSIVE;
				GCC_WARN_UNUSED_FUNCTION = YES;
				GCC_WARN_UNUSED_VARIABLE = YES;
				IPHONEOS_DEPLOYMENT_TARGET = 17.4;
				LOCALIZATION_PREFERS_STRING_CATALOGS = YES;
				MTL_ENABLE_DEBUG_INFO = NO;
				MTL_FAST_MATH = YES;
				SDKROOT = iphoneos;
				VALIDATE_PRODUCT = YES;
			};
			name = Release;
		};
		6C3A42712BC9016A00236C0F /* Debug */ = {
			isa = XCBuildConfiguration;
			baseConfigurationReference = 6C3A42752BC9057C00236C0F /* ConnectToolConfig.xcconfig */;
			buildSettings = {
				ASSETCATALOG_COMPILER_APPICON_NAME = AppIcon;
				ASSETCATALOG_COMPILER_GLOBAL_ACCENT_COLOR_NAME = AccentColor;
				CODE_SIGN_STYLE = Automatic;
				CURRENT_PROJECT_VERSION = 1;
				GENERATE_INFOPLIST_FILE = YES;
				INFOPLIST_FILE = CoonectTool_OC_example/Info.plist;
				INFOPLIST_KEY_UIApplicationSupportsIndirectInputEvents = YES;
				INFOPLIST_KEY_UILaunchStoryboardName = LaunchScreen;
				INFOPLIST_KEY_UIMainStoryboardFile = Main;
				INFOPLIST_KEY_UISupportedInterfaceOrientations_iPad = "UIInterfaceOrientationPortrait UIInterfaceOrientationPortraitUpsideDown UIInterfaceOrientationLandscapeLeft UIInterfaceOrientationLandscapeRight";
				INFOPLIST_KEY_UISupportedInterfaceOrientations_iPhone = "UIInterfaceOrientationPortrait UIInterfaceOrientationLandscapeLeft UIInterfaceOrientationLandscapeRight";
				IPHONEOS_DEPLOYMENT_TARGET = 15.0;
				LD_RUNPATH_SEARCH_PATHS = (
					"$(inherited)",
					"@executable_path/Frameworks",
				);
				MARKETING_VERSION = 1.0;
				PRODUCT_BUNDLE_IDENTIFIER = "com.r17dame.connecttool.CoonectTool-OC-example";
				PRODUCT_NAME = "$(TARGET_NAME)";
				SWIFT_EMIT_LOC_STRINGS = YES;
				TARGETED_DEVICE_FAMILY = "1,2";
			};
			name = Debug;
		};
		6C3A42722BC9016A00236C0F /* Release */ = {
			isa = XCBuildConfiguration;
			baseConfigurationReference = 6C3A42752BC9057C00236C0F /* ConnectToolConfig.xcconfig */;
			buildSettings = {
				ASSETCATALOG_COMPILER_APPICON_NAME = AppIcon;
				ASSETCATALOG_COMPILER_GLOBAL_ACCENT_COLOR_NAME = AccentColor;
				CODE_SIGN_STYLE = Automatic;
				CURRENT_PROJECT_VERSION = 1;
				GENERATE_INFOPLIST_FILE = YES;
				INFOPLIST_FILE = CoonectTool_OC_example/Info.plist;
				INFOPLIST_KEY_UIApplicationSupportsIndirectInputEvents = YES;
				INFOPLIST_KEY_UILaunchStoryboardName = LaunchScreen;
				INFOPLIST_KEY_UIMainStoryboardFile = Main;
				INFOPLIST_KEY_UISupportedInterfaceOrientations_iPad = "UIInterfaceOrientationPortrait UIInterfaceOrientationPortraitUpsideDown UIInterfaceOrientationLandscapeLeft UIInterfaceOrientationLandscapeRight";
				INFOPLIST_KEY_UISupportedInterfaceOrientations_iPhone = "UIInterfaceOrientationPortrait UIInterfaceOrientationLandscapeLeft UIInterfaceOrientationLandscapeRight";
				IPHONEOS_DEPLOYMENT_TARGET = 15.0;
				LD_RUNPATH_SEARCH_PATHS = (
					"$(inherited)",
					"@executable_path/Frameworks",
				);
				MARKETING_VERSION = 1.0;
				PRODUCT_BUNDLE_IDENTIFIER = "com.r17dame.connecttool.CoonectTool-OC-example";
				PRODUCT_NAME = "$(TARGET_NAME)";
				SWIFT_EMIT_LOC_STRINGS = YES;
				TARGETED_DEVICE_FAMILY = "1,2";
			};
			name = Release;
		};
/* End XCBuildConfiguration section */

/* Begin XCConfigurationList section */
		6C3A42522BC9016900236C0F /* Build configuration list for PBXProject "CoonectTool_OC_example" */ = {
			isa = XCConfigurationList;
			buildConfigurations = (
				6C3A426E2BC9016A00236C0F /* Debug */,
				6C3A426F2BC9016A00236C0F /* Release */,
			);
			defaultConfigurationIsVisible = 0;
			defaultConfigurationName = Release;
		};
		6C3A42702BC9016A00236C0F /* Build configuration list for PBXNativeTarget "CoonectTool_OC_example" */ = {
			isa = XCConfigurationList;
			buildConfigurations = (
				6C3A42712BC9016A00236C0F /* Debug */,
				6C3A42722BC9016A00236C0F /* Release */,
			);
			defaultConfigurationIsVisible = 0;
			defaultConfigurationName = Release;
		};
/* End XCConfigurationList section */
	};
	rootObject = 6C3A424F2BC9016900236C0F /* Project object */;
}
